
Microsoft Visual Studio Solution File, Format Version 12.00
# Visual Studio Version 17
VisualStudioVersion = 17.7.34031.279
MinimumVisualStudioVersion = 10.0.40219.1
Project("{8BC9CEB8-8B4A-11D0-8D11-00A0C91BC942}") = "Project1c++通讯录管理系统1", "Project1c++通讯录管理系统1\Project1c++通讯录管理系统1.vcxproj", "{102F82CD-76CE-4C03-8C79-E1603DA6E309}"
EndProject
Global
	GlobalSection(SolutionConfigurationPlatforms) = preSolution
		Debug|x64 = Debug|x64
		Debug|x86 = Debug|x86
		Release|x64 = Release|x64
		Release|x86 = Release|x86
	EndGlobalSection
	GlobalSection(ProjectConfigurationPlatforms) = postSolution
		{102F82CD-76CE-4C03-8C79-E1603DA6E309}.Debug|x64.ActiveCfg = Debug|x64
		{102F82CD-76CE-4C03-8C79-E1603DA6E309}.Debug|x64.Build.0 = Debug|x64
		{102F82CD-76CE-4C03-8C79-E1603DA6E309}.Debug|x86.ActiveCfg = Debug|Win32
		{102F82CD-76CE-4C03-8C79-E1603DA6E309}.Debug|x86.Build.0 = Debug|Win32
		{102F82CD-76CE-4C03-8C79-E1603DA6E309}.Release|x64.ActiveCfg = Release|x64
		{102F82CD-76CE-4C03-8C79-E1603DA6E309}.Release|x64.Build.0 = Release|x64
		{102F82CD-76CE-4C03-8C79-E1603DA6E309}.Release|x86.ActiveCfg = Release|Win32
		{102F82CD-76CE-4C03-8C79-E1603DA6E309}.Release|x86.Build.0 = Release|Win32
	EndGlobalSection
	GlobalSection(SolutionProperties) = preSolution
		HideSolutionNode = FALSE
	EndGlobalSection
	GlobalSection(ExtensibilityGlobals) = postSolution
		SolutionGuid = {4EB8FD1D-7EEB-4AC0-9BB5-DDD2E356258C}
	EndGlobalSection
EndGlobal
